// !$*UTF8*$!
{
	archiveVersion = 1;
	classes = {
	};
	objectVersion = 46;
	objects = {

/* Begin PBXBuildFile section */
		3189DC051E335D7F00CA6F34 /* AppDelegate.swift in Sources */ = {isa = PBXBuildFile; fileRef = 3189DC041E335D7F00CA6F34 /* AppDelegate.swift */; };
		3189DC0A1E335D7F00CA6F34 /* Main.storyboard in Resources */ = {isa = PBXBuildFile; fileRef = 3189DC081E335D7F00CA6F34 /* Main.storyboard */; };
		3189DC0C1E335D7F00CA6F34 /* Assets.xcassets in Resources */ = {isa = PBXBuildFile; fileRef = 3189DC0B1E335D7F00CA6F34 /* Assets.xcassets */; };
		3189DC0F1E335D7F00CA6F34 /* LaunchScreen.storyboard in Resources */ = {isa = PBXBuildFile; fileRef = 3189DC0D1E335D7F00CA6F34 /* LaunchScreen.storyboard */; };
		3189DC171E33706300CA6F34 /* RootViewController.swift in Sources */ = {isa = PBXBuildFile; fileRef = 3189DC161E33706300CA6F34 /* RootViewController.swift */; };
		3189DC1B1E3370E100CA6F34 /* LogViewController.swift in Sources */ = {isa = PBXBuildFile; fileRef = 3189DC1A1E3370E100CA6F34 /* LogViewController.swift */; };
		3189DC1D1E3370FC00CA6F34 /* SpeciesViewController.swift in Sources */ = {isa = PBXBuildFile; fileRef = 3189DC1C1E3370FC00CA6F34 /* SpeciesViewController.swift */; };
		3189DC1F1E33722B00CA6F34 /* ModelController.swift in Sources */ = {isa = PBXBuildFile; fileRef = 3189DC1E1E33722B00CA6F34 /* ModelController.swift */; };
		3189DC231E3373FB00CA6F34 /* SlideViewController.swift in Sources */ = {isa = PBXBuildFile; fileRef = 3189DC221E3373FB00CA6F34 /* SlideViewController.swift */; };
		3189DC251E34E10800CA6F34 /* AddCatchCell.swift in Sources */ = {isa = PBXBuildFile; fileRef = 3189DC241E34E10800CA6F34 /* AddCatchCell.swift */; };
		3189DC271E34E27500CA6F34 /* CatchCell.swift in Sources */ = {isa = PBXBuildFile; fileRef = 3189DC261E34E27500CA6F34 /* CatchCell.swift */; };
		3189DC291E34E5E000CA6F34 /* Catch.swift in Sources */ = {isa = PBXBuildFile; fileRef = 3189DC281E34E5E000CA6F34 /* Catch.swift */; };
		3189DC2B1E35631900CA6F34 /* EditCatchViewController.swift in Sources */ = {isa = PBXBuildFile; fileRef = 3189DC2A1E35631900CA6F34 /* EditCatchViewController.swift */; };
		3189DC2E1E367ADF00CA6F34 /* MapKit.framework in Frameworks */ = {isa = PBXBuildFile; fileRef = 3189DC2D1E367ADF00CA6F34 /* MapKit.framework */; };
		3189DC301E3C8BD200CA6F34 /* Species.swift in Sources */ = {isa = PBXBuildFile; fileRef = 3189DC2F1E3C8BD200CA6F34 /* Species.swift */; };
		3189DC341E3C91CD00CA6F34 /* RequestCache.plist in Resources */ = {isa = PBXBuildFile; fileRef = 3189DC331E3C91CD00CA6F34 /* RequestCache.plist */; };
		3189DC361E3F280E00CA6F34 /* Session.swift in Sources */ = {isa = PBXBuildFile; fileRef = 3189DC351E3F280E00CA6F34 /* Session.swift */; };
		3189DC381E3F2CB300CA6F34 /* SpeciesMnUser.swift in Sources */ = {isa = PBXBuildFile; fileRef = 3189DC371E3F2CB300CA6F34 /* SpeciesMnUser.swift */; };
/* End PBXBuildFile section */

/* Begin PBXFileReference section */
		3189DC011E335D7F00CA6F34 /* My catch.app */ = {isa = PBXFileReference; explicitFileType = wrapper.application; includeInIndex = 0; path = "My catch.app"; sourceTree = BUILT_PRODUCTS_DIR; };
		3189DC041E335D7F00CA6F34 /* AppDelegate.swift */ = {isa = PBXFileReference; lastKnownFileType = sourcecode.swift; path = AppDelegate.swift; sourceTree = "<group>"; };
		3189DC091E335D7F00CA6F34 /* Base */ = {isa = PBXFileReference; lastKnownFileType = file.storyboard; name = Base; path = Base.lproj/Main.storyboard; sourceTree = "<group>"; };
		3189DC0B1E335D7F00CA6F34 /* Assets.xcassets */ = {isa = PBXFileReference; lastKnownFileType = folder.assetcatalog; path = Assets.xcassets; sourceTree = "<group>"; };
		3189DC0E1E335D7F00CA6F34 /* Base */ = {isa = PBXFileReference; lastKnownFileType = file.storyboard; name = Base; path = Base.lproj/LaunchScreen.storyboard; sourceTree = "<group>"; };
		3189DC101E335D7F00CA6F34 /* Info.plist */ = {isa = PBXFileReference; lastKnownFileType = text.plist.xml; path = Info.plist; sourceTree = "<group>"; };
		3189DC161E33706300CA6F34 /* RootViewController.swift */ = {isa = PBXFileReference; fileEncoding = 4; lastKnownFileType = sourcecode.swift; path = RootViewController.swift; sourceTree = "<group>"; };
		3189DC1A1E3370E100CA6F34 /* LogViewController.swift */ = {isa = PBXFileReference; fileEncoding = 4; lastKnownFileType = sourcecode.swift; path = LogViewController.swift; sourceTree = "<group>"; };
		3189DC1C1E3370FC00CA6F34 /* SpeciesViewController.swift */ = {isa = PBXFileReference; fileEncoding = 4; lastKnownFileType = sourcecode.swift; path = SpeciesViewController.swift; sourceTree = "<group>"; };
		3189DC1E1E33722B00CA6F34 /* ModelController.swift */ = {isa = PBXFileReference; fileEncoding = 4; lastKnownFileType = sourcecode.swift; path = ModelController.swift; sourceTree = "<group>"; };
		3189DC221E3373FB00CA6F34 /* SlideViewController.swift */ = {isa = PBXFileReference; fileEncoding = 4; lastKnownFileType = sourcecode.swift; path = SlideViewController.swift; sourceTree = "<group>"; };
		3189DC241E34E10800CA6F34 /* AddCatchCell.swift */ = {isa = PBXFileReference; fileEncoding = 4; lastKnownFileType = sourcecode.swift; path = AddCatchCell.swift; sourceTree = "<group>"; };
		3189DC261E34E27500CA6F34 /* CatchCell.swift */ = {isa = PBXFileReference; fileEncoding = 4; lastKnownFileType = sourcecode.swift; path = CatchCell.swift; sourceTree = "<group>"; };
		3189DC281E34E5E000CA6F34 /* Catch.swift */ = {isa = PBXFileReference; fileEncoding = 4; lastKnownFileType = sourcecode.swift; path = Catch.swift; sourceTree = "<group>"; };
		3189DC2A1E35631900CA6F34 /* EditCatchViewController.swift */ = {isa = PBXFileReference; fileEncoding = 4; lastKnownFileType = sourcecode.swift; path = EditCatchViewController.swift; sourceTree = "<group>"; };
		3189DC2D1E367ADF00CA6F34 /* MapKit.framework */ = {isa = PBXFileReference; lastKnownFileType = wrapper.framework; name = MapKit.framework; path = System/Library/Frameworks/MapKit.framework; sourceTree = SDKROOT; };
		3189DC2F1E3C8BD200CA6F34 /* Species.swift */ = {isa = PBXFileReference; fileEncoding = 4; lastKnownFileType = sourcecode.swift; path = Species.swift; sourceTree = "<group>"; };
		3189DC331E3C91CD00CA6F34 /* RequestCache.plist */ = {isa = PBXFileReference; fileEncoding = 4; lastKnownFileType = text.plist.xml; path = RequestCache.plist; sourceTree = "<group>"; };
		3189DC351E3F280E00CA6F34 /* Session.swift */ = {isa = PBXFileReference; fileEncoding = 4; lastKnownFileType = sourcecode.swift; path = Session.swift; sourceTree = "<group>"; };
		3189DC371E3F2CB300CA6F34 /* SpeciesMnUser.swift */ = {isa = PBXFileReference; fileEncoding = 4; lastKnownFileType = sourcecode.swift; path = SpeciesMnUser.swift; sourceTree = "<group>"; };
/* End PBXFileReference section */

/* Begin PBXFrameworksBuildPhase section */
		3189DBFE1E335D7F00CA6F34 /* Frameworks */ = {
			isa = PBXFrameworksBuildPhase;
			buildActionMask = 2147483647;
			files = (
				3189DC2E1E367ADF00CA6F34 /* MapKit.framework in Frameworks */,
			);
			runOnlyForDeploymentPostprocessing = 0;
		};
/* End PBXFrameworksBuildPhase section */

/* Begin PBXGroup section */
		3189DBF81E335D7F00CA6F34 = {
			isa = PBXGroup;
			children = (
				3189DC031E335D7F00CA6F34 /* My catch */,
				3189DC021E335D7F00CA6F34 /* Products */,
				3189DC2C1E367ADF00CA6F34 /* Frameworks */,
			);
			sourceTree = "<group>";
		};
		3189DC021E335D7F00CA6F34 /* Products */ = {
			isa = PBXGroup;
			children = (
				3189DC011E335D7F00CA6F34 /* My catch.app */,
			);
			name = Products;
			sourceTree = "<group>";
		};
		3189DC031E335D7F00CA6F34 /* My catch */ = {
			isa = PBXGroup;
			children = (
				3189DC041E335D7F00CA6F34 /* AppDelegate.swift */,
				3189DC161E33706300CA6F34 /* RootViewController.swift */,
				3189DC081E335D7F00CA6F34 /* Main.storyboard */,
				3189DC0B1E335D7F00CA6F34 /* Assets.xcassets */,
				3189DC0D1E335D7F00CA6F34 /* LaunchScreen.storyboard */,
				3189DC101E335D7F00CA6F34 /* Info.plist */,
				3189DC1A1E3370E100CA6F34 /* LogViewController.swift */,
				3189DC1C1E3370FC00CA6F34 /* SpeciesViewController.swift */,
				3189DC221E3373FB00CA6F34 /* SlideViewController.swift */,
				3189DC1E1E33722B00CA6F34 /* ModelController.swift */,
				3189DC241E34E10800CA6F34 /* AddCatchCell.swift */,
				3189DC261E34E27500CA6F34 /* CatchCell.swift */,
				3189DC2A1E35631900CA6F34 /* EditCatchViewController.swift */,
				3189DC331E3C91CD00CA6F34 /* RequestCache.plist */,
				3189DC351E3F280E00CA6F34 /* Session.swift */,
				3189DC281E34E5E000CA6F34 /* Catch.swift */,
				3189DC2F1E3C8BD200CA6F34 /* Species.swift */,
				3189DC371E3F2CB300CA6F34 /* SpeciesMnUser.swift */,
			);
			path = "My catch";
			sourceTree = "<group>";
		};
		3189DC2C1E367ADF00CA6F34 /* Frameworks */ = {
			isa = PBXGroup;
			children = (
				3189DC2D1E367ADF00CA6F34 /* MapKit.framework */,
			);
			name = Frameworks;
			sourceTree = "<group>";
		};
/* End PBXGroup section */

/* Begin PBXNativeTarget section */
		3189DC001E335D7F00CA6F34 /* My catch */ = {
			isa = PBXNativeTarget;
			buildConfigurationList = 3189DC131E335D7F00CA6F34 /* Build configuration list for PBXNativeTarget "My catch" */;
			buildPhases = (
				3189DBFD1E335D7F00CA6F34 /* Sources */,
				3189DBFE1E335D7F00CA6F34 /* Frameworks */,
				3189DBFF1E335D7F00CA6F34 /* Resources */,
			);
			buildRules = (
			);
			dependencies = (
			);
			name = "My catch";
			productName = "My catch";
			productReference = 3189DC011E335D7F00CA6F34 /* My catch.app */;
			productType = "com.apple.product-type.application";
		};
/* End PBXNativeTarget section */

/* Begin PBXProject section */
		3189DBF91E335D7F00CA6F34 /* Project object */ = {
			isa = PBXProject;
			attributes = {
				LastSwiftUpdateCheck = 0820;
				LastUpgradeCheck = 0820;
				ORGANIZATIONNAME = "Alt mitt";
				TargetAttributes = {
					3189DC001E335D7F00CA6F34 = {
						CreatedOnToolsVersion = 8.2.1;
						DevelopmentTeam = 3Z5PAAXD3Q;
						ProvisioningStyle = Automatic;
						SystemCapabilities = {
							com.apple.Maps.iOS = {
								enabled = 1;
							};
						};
					};
				};
			};
			buildConfigurationList = 3189DBFC1E335D7F00CA6F34 /* Build configuration list for PBXProject "My catch" */;
			compatibilityVersion = "Xcode 3.2";
			developmentRegion = English;
			hasScannedForEncodings = 0;
			knownRegions = (
				en,
				Base,
			);
			mainGroup = 3189DBF81E335D7F00CA6F34;
			productRefGroup = 3189DC021E335D7F00CA6F34 /* Products */;
			projectDirPath = "";
			projectRoot = "";
			targets = (
				3189DC001E335D7F00CA6F34 /* My catch */,
			);
		};
/* End PBXProject section */

/* Begin PBXResourcesBuildPhase section */
		3189DBFF1E335D7F00CA6F34 /* Resources */ = {
			isa = PBXResourcesBuildPhase;
			buildActionMask = 2147483647;
			files = (
				3189DC0F1E335D7F00CA6F34 /* LaunchScreen.storyboard in Resources */,
				3189DC341E3C91CD00CA6F34 /* RequestCache.plist in Resources */,
				3189DC0C1E335D7F00CA6F34 /* Assets.xcassets in Resources */,
				3189DC0A1E335D7F00CA6F34 /* Main.storyboard in Resources */,
			);
			runOnlyForDeploymentPostprocessing = 0;
		};
/* End PBXResourcesBuildPhase section */

/* Begin PBXSourcesBuildPhase section */
		3189DBFD1E335D7F00CA6F34 /* Sources */ = {
			isa = PBXSourcesBuildPhase;
			buildActionMask = 2147483647;
			files = (
				3189DC1B1E3370E100CA6F34 /* LogViewController.swift in Sources */,
				3189DC051E335D7F00CA6F34 /* AppDelegate.swift in Sources */,
				3189DC1D1E3370FC00CA6F34 /* SpeciesViewController.swift in Sources */,
				3189DC1F1E33722B00CA6F34 /* ModelController.swift in Sources */,
				3189DC291E34E5E000CA6F34 /* Catch.swift in Sources */,
				3189DC231E3373FB00CA6F34 /* SlideViewController.swift in Sources */,
				3189DC381E3F2CB300CA6F34 /* SpeciesMnUser.swift in Sources */,
				3189DC271E34E27500CA6F34 /* CatchCell.swift in Sources */,
				3189DC251E34E10800CA6F34 /* AddCatchCell.swift in Sources */,
				3189DC361E3F280E00CA6F34 /* Session.swift in Sources */,
				3189DC301E3C8BD200CA6F34 /* Species.swift in Sources */,
				3189DC2B1E35631900CA6F34 /* EditCatchViewController.swift in Sources */,
				3189DC171E33706300CA6F34 /* RootViewController.swift in Sources */,
			);
			runOnlyForDeploymentPostprocessing = 0;
		};
/* End PBXSourcesBuildPhase section */

/* Begin PBXVariantGroup section */
		3189DC081E335D7F00CA6F34 /* Main.storyboard */ = {
			isa = PBXVariantGroup;
			children = (
				3189DC091E335D7F00CA6F34 /* Base */,
			);
			name = Main.storyboard;
			sourceTree = "<group>";
		};
		3189DC0D1E335D7F00CA6F34 /* LaunchScreen.storyboard */ = {
			isa = PBXVariantGroup;
			children = (
				3189DC0E1E335D7F00CA6F34 /* Base */,
			);
			name = LaunchScreen.storyboard;
			sourceTree = "<group>";
		};
/* End PBXVariantGroup section */

/* Begin XCBuildConfiguration section */
		3189DC111E335D7F00CA6F34 /* Debug */ = {
			isa = XCBuildConfiguration;
			buildSettings = {
				ALWAYS_SEARCH_USER_PATHS = NO;
				CLANG_ANALYZER_NONNULL = YES;
				CLANG_CXX_LANGUAGE_STANDARD = "gnu++0x";
				CLANG_CXX_LIBRARY = "libc++";
				CLANG_ENABLE_MODULES = YES;
				CLANG_ENABLE_OBJC_ARC = YES;
				CLANG_WARN_BOOL_CONVERSION = YES;
				CLANG_WARN_CONSTANT_CONVERSION = YES;
				CLANG_WARN_DIRECT_OBJC_ISA_USAGE = YES_ERROR;
				CLANG_WARN_DOCUMENTATION_COMMENTS = YES;
				CLANG_WARN_EMPTY_BODY = YES;
				CLANG_WARN_ENUM_CONVERSION = YES;
				CLANG_WARN_INFINITE_RECURSION = YES;
				CLANG_WARN_INT_CONVERSION = YES;
				CLANG_WARN_OBJC_ROOT_CLASS = YES_ERROR;
				CLANG_WARN_SUSPICIOUS_MOVE = YES;
				CLANG_WARN_UNREACHABLE_CODE = YES;
				CLANG_WARN__DUPLICATE_METHOD_MATCH = YES;
				"CODE_SIGN_IDENTITY[sdk=iphoneos*]" = "iPhone Developer";
				COPY_PHASE_STRIP = NO;
				DEBUG_INFORMATION_FORMAT = dwarf;
				ENABLE_STRICT_OBJC_MSGSEND = YES;
				ENABLE_TESTABILITY = YES;
				GCC_C_LANGUAGE_STANDARD = gnu99;
				GCC_DYNAMIC_NO_PIC = NO;
				GCC_NO_COMMON_BLOCKS = YES;
				GCC_OPTIMIZATION_LEVEL = 0;
				GCC_PREPROCESSOR_DEFINITIONS = (
					"DEBUG=1",
					"$(inherited)",
				);
				GCC_WARN_64_TO_32_BIT_CONVERSION = YES;
				GCC_WARN_ABOUT_RETURN_TYPE = YES_ERROR;
				GCC_WARN_UNDECLARED_SELECTOR = YES;
				GCC_WARN_UNINITIALIZED_AUTOS = YES_AGGRESSIVE;
				GCC_WARN_UNUSED_FUNCTION = YES;
				GCC_WARN_UNUSED_VARIABLE = YES;
				IPHONEOS_DEPLOYMENT_TARGET = 10.2;
				MTL_ENABLE_DEBUG_INFO = YES;
				ONLY_ACTIVE_ARCH = YES;
				SDKROOT = iphoneos;
				SWIFT_ACTIVE_COMPILATION_CONDITIONS = DEBUG;
				SWIFT_OPTIMIZATION_LEVEL = "-Onone";
			};
			name = Debug;
		};
		3189DC121E335D7F00CA6F34 /* Release */ = {
			isa = XCBuildConfiguration;
			buildSettings = {
				ALWAYS_SEARCH_USER_PATHS = NO;
				CLANG_ANALYZER_NONNULL = YES;
				CLANG_CXX_LANGUAGE_STANDARD = "gnu++0x";
				CLANG_CXX_LIBRARY = "libc++";
				CLANG_ENABLE_MODULES = YES;
				CLANG_ENABLE_OBJC_ARC = YES;
				CLANG_WARN_BOOL_CONVERSION = YES;
				CLANG_WARN_CONSTANT_CONVERSION = YES;
				CLANG_WARN_DIRECT_OBJC_ISA_USAGE = YES_ERROR;
				CLANG_WARN_DOCUMENTATION_COMMENTS = YES;
				CLANG_WARN_EMPTY_BODY = YES;
				CLANG_WARN_ENUM_CONVERSION = YES;
				CLANG_WARN_INFINITE_RECURSION = YES;
				CLANG_WARN_INT_CONVERSION = YES;
				CLANG_WARN_OBJC_ROOT_CLASS = YES_ERROR;
				CLANG_WARN_SUSPICIOUS_MOVE = YES;
				CLANG_WARN_UNREACHABLE_CODE = YES;
				CLANG_WARN__DUPLICATE_METHOD_MATCH = YES;
				"CODE_SIGN_IDENTITY[sdk=iphoneos*]" = "iPhone Developer";
				COPY_PHASE_STRIP = NO;
				DEBUG_INFORMATION_FORMAT = "dwarf-with-dsym";
				ENABLE_NS_ASSERTIONS = NO;
				ENABLE_STRICT_OBJC_MSGSEND = YES;
				GCC_C_LANGUAGE_STANDARD = gnu99;
				GCC_NO_COMMON_BLOCKS = YES;
				GCC_WARN_64_TO_32_BIT_CONVERSION = YES;
				GCC_WARN_ABOUT_RETURN_TYPE = YES_ERROR;
				GCC_WARN_UNDECLARED_SELECTOR = YES;
				GCC_WARN_UNINITIALIZED_AUTOS = YES_AGGRESSIVE;
				GCC_WARN_UNUSED_FUNCTION = YES;
				GCC_WARN_UNUSED_VARIABLE = YES;
				IPHONEOS_DEPLOYMENT_TARGET = 10.2;
				MTL_ENABLE_DEBUG_INFO = NO;
				SDKROOT = iphoneos;
				SWIFT_OPTIMIZATION_LEVEL = "-Owholemodule";
				VALIDATE_PRODUCT = YES;
			};
			name = Release;
		};
		3189DC141E335D7F00CA6F34 /* Debug */ = {
			isa = XCBuildConfiguration;
			buildSettings = {
				ASSETCATALOG_COMPILER_APPICON_NAME = AppIcon;
				DEVELOPMENT_TEAM = 3Z5PAAXD3Q;
				INFOPLIST_FILE = "My catch/Info.plist";
				LD_RUNPATH_SEARCH_PATHS = "$(inherited) @executable_path/Frameworks";
				PRODUCT_BUNDLE_IDENTIFIER = "no.altmitt.My-catch";
				PRODUCT_NAME = "$(TARGET_NAME)";
				SWIFT_VERSION = 3.0;
			};
			name = Debug;
		};
		3189DC151E335D7F00CA6F34 /* Release */ = {
			isa = XCBuildConfiguration;
			buildSettings = {
				ASSETCATALOG_COMPILER_APPICON_NAME = AppIcon;
				DEVELOPMENT_TEAM = 3Z5PAAXD3Q;
				INFOPLIST_FILE = "My catch/Info.plist";
				LD_RUNPATH_SEARCH_PATHS = "$(inherited) @executable_path/Frameworks";
				PRODUCT_BUNDLE_IDENTIFIER = "no.altmitt.My-catch";
				PRODUCT_NAME = "$(TARGET_NAME)";
				SWIFT_VERSION = 3.0;
			};
			name = Release;
		};
/* End XCBuildConfiguration section */

/* Begin XCConfigurationList section */
		3189DBFC1E335D7F00CA6F34 /* Build configuration list for PBXProject "My catch" */ = {
			isa = XCConfigurationList;
			buildConfigurations = (
				3189DC111E335D7F00CA6F34 /* Debug */,
				3189DC121E335D7F00CA6F34 /* Release */,
			);
			defaultConfigurationIsVisible = 0;
			defaultConfigurationName = Release;
		};
		3189DC131E335D7F00CA6F34 /* Build configuration list for PBXNativeTarget "My catch" */ = {
			isa = XCConfigurationList;
			buildConfigurations = (
				3189DC141E335D7F00CA6F34 /* Debug */,
				3189DC151E335D7F00CA6F34 /* Release */,
			);
			defaultConfigurationIsVisible = 0;
			defaultConfigurationName = Release;
		};
/* End XCConfigurationList section */
	};
	rootObject = 3189DBF91E335D7F00CA6F34 /* Project object */;
}
